// !$*UTF8*$!
{
	archiveVersion = 1;
	classes = {
	};
	objectVersion = 56;
	objects = {

/* Begin PBXBuildFile section */
		1F1C7A0A2F5547E6000FB855 /* ProfileView.swift in Sources */ = {isa = PBXBuildFile; fileRef = 1F1C7A092F5547E6000FB855 /* ProfileView.swift */; };
		A10000010000000000000001 /* DiaryPureApp.swift in Sources */ = {isa = PBXBuildFile; fileRef = A20000010000000000000001 /* DiaryPureApp.swift */; };
		A10000020000000000000002 /* ContentView.swift in Sources */ = {isa = PBXBuildFile; fileRef = A20000020000000000000002 /* ContentView.swift */; };
		A10000030000000000000003 /* DiaryEntry.swift in Sources */ = {isa = PBXBuildFile; fileRef = A20000030000000000000003 /* DiaryEntry.swift */; };
		A10000040000000000000004 /* ConsentAgreement.swift in Sources */ = {isa = PBXBuildFile; fileRef = A20000040000000000000004 /* ConsentAgreement.swift */; };
		A10000050000000000000005 /* AuthService.swift in Sources */ = {isa = PBXBuildFile; fileRef = A20000050000000000000005 /* AuthService.swift */; };
		A10000060000000000000006 /* AuthView.swift in Sources */ = {isa = PBXBuildFile; fileRef = A20000060000000000000006 /* AuthView.swift */; };
		A10000070000000000000007 /* DiaryListView.swift in Sources */ = {isa = PBXBuildFile; fileRef = A20000070000000000000007 /* DiaryListView.swift */; };
		A10000080000000000000008 /* DiaryEditorView.swift in Sources */ = {isa = PBXBuildFile; fileRef = A20000080000000000000008 /* DiaryEditorView.swift */; };
		A10000090000000000000009 /* ConsentListView.swift in Sources */ = {isa = PBXBuildFile; fileRef = A20000090000000000000009 /* ConsentListView.swift */; };
		A1000010000000000000000A /* ConsentCreateView.swift in Sources */ = {isa = PBXBuildFile; fileRef = A2000010000000000000000A /* ConsentCreateView.swift */; };
		A1000011000000000000000B /* SignatureView.swift in Sources */ = {isa = PBXBuildFile; fileRef = A2000011000000000000000B /* SignatureView.swift */; };
		A1000012000000000000000C /* Assets.xcassets in Resources */ = {isa = PBXBuildFile; fileRef = A2000012000000000000000C /* Assets.xcassets */; };
		A1000013000000000000000D /* AgreementTransferPayload.swift in Sources */ = {isa = PBXBuildFile; fileRef = A2000013000000000000000D /* AgreementTransferPayload.swift */; };
		A1000014000000000000000E /* ConsentTemplateService.swift in Sources */ = {isa = PBXBuildFile; fileRef = A2000014000000000000000E /* ConsentTemplateService.swift */; };
		A1000015000000000000000F /* MultipeerService.swift in Sources */ = {isa = PBXBuildFile; fileRef = A2000015000000000000000F /* MultipeerService.swift */; };
		A10000160000000000000010 /* ConsentReviewView.swift in Sources */ = {isa = PBXBuildFile; fileRef = A20000160000000000000010 /* ConsentReviewView.swift */; };
		A10000170000000000000011 /* ConsentSigningSessionView.swift in Sources */ = {isa = PBXBuildFile; fileRef = A20000170000000000000011 /* ConsentSigningSessionView.swift */; };
		A10000180000000000000012 /* ConsentJoinView.swift in Sources */ = {isa = PBXBuildFile; fileRef = A20000180000000000000012 /* ConsentJoinView.swift */; };
		A10000190000000000000013 /* ConsentPartnerReviewView.swift in Sources */ = {isa = PBXBuildFile; fileRef = A20000190000000000000013 /* ConsentPartnerReviewView.swift */; };
		A100001A0000000000000014 /* ConsentCompletionView.swift in Sources */ = {isa = PBXBuildFile; fileRef = A200001A0000000000000014 /* ConsentCompletionView.swift */; };
		A100001B0000000000000016 /* SignatureStore.swift in Sources */ = {isa = PBXBuildFile; fileRef = A200001C0000000000000016 /* SignatureStore.swift */; };
		C10000010000000000000001 /* DiaryCalendarView.swift in Sources */ = {isa = PBXBuildFile; fileRef = C20000010000000000000001 /* DiaryCalendarView.swift */; };
		C10000020000000000000002 /* DiaryMoodPickerView.swift in Sources */ = {isa = PBXBuildFile; fileRef = C20000020000000000000002 /* DiaryMoodPickerView.swift */; };
		D10000010000000000000001 /* RichTextEditor.swift in Sources */ = {isa = PBXBuildFile; fileRef = D20000010000000000000001 /* RichTextEditor.swift */; };
		D10000020000000000000002 /* DiaryNoteView.swift in Sources */ = {isa = PBXBuildFile; fileRef = D20000020000000000000002 /* DiaryNoteView.swift */; };
/* End PBXBuildFile section */

/* Begin PBXFileReference section */
		1F1C7A092F5547E6000FB855 /* ProfileView.swift */ = {isa = PBXFileReference; lastKnownFileType = sourcecode.swift; path = ProfileView.swift; sourceTree = "<group>"; };
		A20000010000000000000001 /* DiaryPureApp.swift */ = {isa = PBXFileReference; lastKnownFileType = sourcecode.swift; path = DiaryPureApp.swift; sourceTree = "<group>"; };
		A20000020000000000000002 /* ContentView.swift */ = {isa = PBXFileReference; lastKnownFileType = sourcecode.swift; path = ContentView.swift; sourceTree = "<group>"; };
		A20000030000000000000003 /* DiaryEntry.swift */ = {isa = PBXFileReference; lastKnownFileType = sourcecode.swift; path = DiaryEntry.swift; sourceTree = "<group>"; };
		A20000040000000000000004 /* ConsentAgreement.swift */ = {isa = PBXFileReference; lastKnownFileType = sourcecode.swift; path = ConsentAgreement.swift; sourceTree = "<group>"; };
		A20000050000000000000005 /* AuthService.swift */ = {isa = PBXFileReference; lastKnownFileType = sourcecode.swift; path = AuthService.swift; sourceTree = "<group>"; };
		A20000060000000000000006 /* AuthView.swift */ = {isa = PBXFileReference; lastKnownFileType = sourcecode.swift; path = AuthView.swift; sourceTree = "<group>"; };
		A20000070000000000000007 /* DiaryListView.swift */ = {isa = PBXFileReference; lastKnownFileType = sourcecode.swift; path = DiaryListView.swift; sourceTree = "<group>"; };
		A20000080000000000000008 /* DiaryEditorView.swift */ = {isa = PBXFileReference; lastKnownFileType = sourcecode.swift; path = DiaryEditorView.swift; sourceTree = "<group>"; };
		A20000090000000000000009 /* ConsentListView.swift */ = {isa = PBXFileReference; lastKnownFileType = sourcecode.swift; path = ConsentListView.swift; sourceTree = "<group>"; };
		A2000010000000000000000A /* ConsentCreateView.swift */ = {isa = PBXFileReference; lastKnownFileType = sourcecode.swift; path = ConsentCreateView.swift; sourceTree = "<group>"; };
		A2000011000000000000000B /* SignatureView.swift */ = {isa = PBXFileReference; lastKnownFileType = sourcecode.swift; path = SignatureView.swift; sourceTree = "<group>"; };
		A2000012000000000000000C /* Assets.xcassets */ = {isa = PBXFileReference; lastKnownFileType = folder.assetcatalog; path = Assets.xcassets; sourceTree = "<group>"; };
		A2000013000000000000000D /* AgreementTransferPayload.swift */ = {isa = PBXFileReference; lastKnownFileType = sourcecode.swift; path = AgreementTransferPayload.swift; sourceTree = "<group>"; };
		A2000014000000000000000E /* ConsentTemplateService.swift */ = {isa = PBXFileReference; lastKnownFileType = sourcecode.swift; path = ConsentTemplateService.swift; sourceTree = "<group>"; };
		A2000015000000000000000F /* MultipeerService.swift */ = {isa = PBXFileReference; lastKnownFileType = sourcecode.swift; path = MultipeerService.swift; sourceTree = "<group>"; };
		A20000160000000000000010 /* ConsentReviewView.swift */ = {isa = PBXFileReference; lastKnownFileType = sourcecode.swift; path = ConsentReviewView.swift; sourceTree = "<group>"; };
		A20000170000000000000011 /* ConsentSigningSessionView.swift */ = {isa = PBXFileReference; lastKnownFileType = sourcecode.swift; path = ConsentSigningSessionView.swift; sourceTree = "<group>"; };
		A20000180000000000000012 /* ConsentJoinView.swift */ = {isa = PBXFileReference; lastKnownFileType = sourcecode.swift; path = ConsentJoinView.swift; sourceTree = "<group>"; };
		A20000190000000000000013 /* ConsentPartnerReviewView.swift */ = {isa = PBXFileReference; lastKnownFileType = sourcecode.swift; path = ConsentPartnerReviewView.swift; sourceTree = "<group>"; };
		A200001A0000000000000014 /* ConsentCompletionView.swift */ = {isa = PBXFileReference; lastKnownFileType = sourcecode.swift; path = ConsentCompletionView.swift; sourceTree = "<group>"; };
		A200001B0000000000000015 /* Info.plist */ = {isa = PBXFileReference; lastKnownFileType = text.plist.xml; path = Info.plist; sourceTree = "<group>"; };
		A200001C0000000000000016 /* SignatureStore.swift */ = {isa = PBXFileReference; lastKnownFileType = sourcecode.swift; path = SignatureStore.swift; sourceTree = "<group>"; };
		C20000010000000000000001 /* DiaryCalendarView.swift */ = {isa = PBXFileReference; lastKnownFileType = sourcecode.swift; path = DiaryCalendarView.swift; sourceTree = "<group>"; };
		C20000020000000000000002 /* DiaryMoodPickerView.swift */ = {isa = PBXFileReference; lastKnownFileType = sourcecode.swift; path = DiaryMoodPickerView.swift; sourceTree = "<group>"; };
		D20000010000000000000001 /* RichTextEditor.swift */ = {isa = PBXFileReference; lastKnownFileType = sourcecode.swift; path = RichTextEditor.swift; sourceTree = "<group>"; };
		D20000020000000000000002 /* DiaryNoteView.swift */ = {isa = PBXFileReference; lastKnownFileType = sourcecode.swift; path = DiaryNoteView.swift; sourceTree = "<group>"; };
		A30000010000000000000001 /* DiaryPure.app */ = {isa = PBXFileReference; explicitFileType = wrapper.application; includeInIndex = 0; path = DiaryPure.app; sourceTree = BUILT_PRODUCTS_DIR; };
/* End PBXFileReference section */

/* Begin PBXFrameworksBuildPhase section */
		A40000010000000000000001 /* Frameworks */ = {
			isa = PBXFrameworksBuildPhase;
			buildActionMask = 2147483647;
			files = (
			);
			runOnlyForDeploymentPostprocessing = 0;
		};
/* End PBXFrameworksBuildPhase section */

/* Begin PBXGroup section */
		A50000010000000000000001 = {
			isa = PBXGroup;
			children = (
				A50000020000000000000002 /* DiaryPure */,
				A50000090000000000000009 /* Products */,
			);
			sourceTree = "<group>";
		};
		A50000020000000000000002 /* DiaryPure */ = {
			isa = PBXGroup;
			children = (
				A20000010000000000000001 /* DiaryPureApp.swift */,
				A20000020000000000000002 /* ContentView.swift */,
				A50000030000000000000003 /* Models */,
				A50000040000000000000004 /* Views */,
				A50000080000000000000008 /* Services */,
				A2000012000000000000000C /* Assets.xcassets */,
				A200001B0000000000000015 /* Info.plist */,
			);
			path = DiaryPure;
			sourceTree = "<group>";
		};
		A50000030000000000000003 /* Models */ = {
			isa = PBXGroup;
			children = (
				A20000030000000000000003 /* DiaryEntry.swift */,
				A20000040000000000000004 /* ConsentAgreement.swift */,
				A2000013000000000000000D /* AgreementTransferPayload.swift */,
			);
			path = Models;
			sourceTree = "<group>";
		};
		A50000040000000000000004 /* Views */ = {
			isa = PBXGroup;
			children = (
				A50000050000000000000005 /* Auth */,
				A50000060000000000000006 /* Diary */,
				A50000070000000000000007 /* Consent */,
			);
			path = Views;
			sourceTree = "<group>";
		};
		A50000050000000000000005 /* Auth */ = {
			isa = PBXGroup;
			children = (
				A20000060000000000000006 /* AuthView.swift */,
				1F1C7A092F5547E6000FB855 /* ProfileView.swift */,
			);
			path = Auth;
			sourceTree = "<group>";
		};
		A50000060000000000000006 /* Diary */ = {
			isa = PBXGroup;
			children = (
				A20000070000000000000007 /* DiaryListView.swift */,
				A20000080000000000000008 /* DiaryEditorView.swift */,
				C20000010000000000000001 /* DiaryCalendarView.swift */,
				C20000020000000000000002 /* DiaryMoodPickerView.swift */,
				D20000010000000000000001 /* RichTextEditor.swift */,
				D20000020000000000000002 /* DiaryNoteView.swift */,
			);
			path = Diary;
			sourceTree = "<group>";
		};
		A50000070000000000000007 /* Consent */ = {
			isa = PBXGroup;
			children = (
				A20000090000000000000009 /* ConsentListView.swift */,
				A2000010000000000000000A /* ConsentCreateView.swift */,
				A2000011000000000000000B /* SignatureView.swift */,
				A20000160000000000000010 /* ConsentReviewView.swift */,
				A20000170000000000000011 /* ConsentSigningSessionView.swift */,
				A20000180000000000000012 /* ConsentJoinView.swift */,
				A20000190000000000000013 /* ConsentPartnerReviewView.swift */,
				A200001A0000000000000014 /* ConsentCompletionView.swift */,
			);
			path = Consent;
			sourceTree = "<group>";
		};
		A50000080000000000000008 /* Services */ = {
			isa = PBXGroup;
			children = (
				A20000050000000000000005 /* AuthService.swift */,
				A2000014000000000000000E /* ConsentTemplateService.swift */,
				A2000015000000000000000F /* MultipeerService.swift */,
				A200001C0000000000000016 /* SignatureStore.swift */,
			);
			path = Services;
			sourceTree = "<group>";
		};
		A50000090000000000000009 /* Products */ = {
			isa = PBXGroup;
			children = (
				A30000010000000000000001 /* DiaryPure.app */,
			);
			name = Products;
			sourceTree = "<group>";
		};
/* End PBXGroup section */

/* Begin PBXNativeTarget section */
		A60000010000000000000001 /* DiaryPure */ = {
			isa = PBXNativeTarget;
			buildConfigurationList = A80000010000000000000001 /* Build configuration list for PBXNativeTarget "DiaryPure" */;
			buildPhases = (
				A70000010000000000000001 /* Sources */,
				A40000010000000000000001 /* Frameworks */,
				A70000020000000000000002 /* Resources */,
			);
			buildRules = (
			);
			dependencies = (
			);
			name = DiaryPure;
			productName = DiaryPure;
			productReference = A30000010000000000000001 /* DiaryPure.app */;
			productType = "com.apple.product-type.application";
		};
/* End PBXNativeTarget section */

/* Begin PBXProject section */
		A90000010000000000000001 /* Project object */ = {
			isa = PBXProject;
			attributes = {
				BuildIndependentTargetsInParallel = 1;
				LastSwiftUpdateCheck = 1600;
				LastUpgradeCheck = 1600;
				TargetAttributes = {
					A60000010000000000000001 = {
						CreatedOnToolsVersion = 16.0;
					};
				};
			};
			buildConfigurationList = A80000020000000000000002 /* Build configuration list for PBXProject "DiaryPure" */;
			compatibilityVersion = "Xcode 14.0";
			developmentRegion = en;
			hasScannedForEncodings = 0;
			knownRegions = (
				en,
				Base,
			);
			mainGroup = A50000010000000000000001;
			productRefGroup = A50000090000000000000009 /* Products */;
			projectDirPath = "";
			projectRoot = "";
			targets = (
				A60000010000000000000001 /* DiaryPure */,
			);
		};
/* End PBXProject section */

/* Begin PBXResourcesBuildPhase section */
		A70000020000000000000002 /* Resources */ = {
			isa = PBXResourcesBuildPhase;
			buildActionMask = 2147483647;
			files = (
				A1000012000000000000000C /* Assets.xcassets in Resources */,
			);
			runOnlyForDeploymentPostprocessing = 0;
		};
/* End PBXResourcesBuildPhase section */

/* Begin PBXSourcesBuildPhase section */
		A70000010000000000000001 /* Sources */ = {
			isa = PBXSourcesBuildPhase;
			buildActionMask = 2147483647;
			files = (
				A10000010000000000000001 /* DiaryPureApp.swift in Sources */,
				A10000020000000000000002 /* ContentView.swift in Sources */,
				A10000030000000000000003 /* DiaryEntry.swift in Sources */,
				A10000040000000000000004 /* ConsentAgreement.swift in Sources */,
				A10000050000000000000005 /* AuthService.swift in Sources */,
				A10000060000000000000006 /* AuthView.swift in Sources */,
				A10000070000000000000007 /* DiaryListView.swift in Sources */,
				A10000080000000000000008 /* DiaryEditorView.swift in Sources */,
				A10000090000000000000009 /* ConsentListView.swift in Sources */,
				A1000010000000000000000A /* ConsentCreateView.swift in Sources */,
				A1000011000000000000000B /* SignatureView.swift in Sources */,
				A100001B0000000000000016 /* SignatureStore.swift in Sources */,
				A1000013000000000000000D /* AgreementTransferPayload.swift in Sources */,
				A1000014000000000000000E /* ConsentTemplateService.swift in Sources */,
				A1000015000000000000000F /* MultipeerService.swift in Sources */,
				A10000160000000000000010 /* ConsentReviewView.swift in Sources */,
				A10000170000000000000011 /* ConsentSigningSessionView.swift in Sources */,
				A10000180000000000000012 /* ConsentJoinView.swift in Sources */,
				A10000190000000000000013 /* ConsentPartnerReviewView.swift in Sources */,
				1F1C7A0A2F5547E6000FB855 /* ProfileView.swift in Sources */,
				A100001A0000000000000014 /* ConsentCompletionView.swift in Sources */,
				C10000010000000000000001 /* DiaryCalendarView.swift in Sources */,
				C10000020000000000000002 /* DiaryMoodPickerView.swift in Sources */,
				D10000010000000000000001 /* RichTextEditor.swift in Sources */,
				D10000020000000000000002 /* DiaryNoteView.swift in Sources */,
			);
			runOnlyForDeploymentPostprocessing = 0;
		};
/* End PBXSourcesBuildPhase section */

/* Begin XCBuildConfiguration section */
		B10000010000000000000001 /* Debug */ = {
			isa = XCBuildConfiguration;
			buildSettings = {
				ALWAYS_SEARCH_USER_PATHS = NO;
				ASSETCATALOG_COMPILER_GENERATE_SWIFT_ASSET_SYMBOL_EXTENSIONS = YES;
				CLANG_ANALYZER_NONNULL = YES;
				CLANG_CXX_LANGUAGE_STANDARD = "gnu++20";
				CLANG_ENABLE_MODULES = YES;
				CLANG_ENABLE_OBJC_ARC = YES;
				COPY_PHASE_STRIP = NO;
				DEBUG_INFORMATION_FORMAT = dwarf;
				ENABLE_STRICT_OBJC_MSGSEND = YES;
				ENABLE_TESTABILITY = YES;
				GCC_DYNAMIC_NO_PIC = NO;
				GCC_OPTIMIZATION_LEVEL = 0;
				GCC_PREPROCESSOR_DEFINITIONS = (
					"DEBUG=1",
					"$(inherited)",
				);
				GCC_WARN_64_TO_32_BIT_CONVERSION = YES;
				GCC_WARN_ABOUT_RETURN_TYPE = YES_ERROR;
				GCC_WARN_UNDECLARED_SELECTOR = YES;
				GCC_WARN_UNINITIALIZED_AUTOS = YES_AGGRESSIVE;
				GCC_WARN_UNUSED_FUNCTION = YES;
				GCC_WARN_UNUSED_VARIABLE = YES;
				IPHONEOS_DEPLOYMENT_TARGET = 17.0;
				MTL_ENABLE_DEBUG_INFO = INCLUDE_SOURCE;
				MTL_FAST_MATH = YES;
				ONLY_ACTIVE_ARCH = YES;
				SDKROOT = iphoneos;
				SWIFT_ACTIVE_COMPILATION_CONDITIONS = "$(inherited) DEBUG";
				SWIFT_OPTIMIZATION_LEVEL = "-Onone";
			};
			name = Debug;
		};
		B10000020000000000000002 /* Release */ = {
			isa = XCBuildConfiguration;
			buildSettings = {
				ALWAYS_SEARCH_USER_PATHS = NO;
				ASSETCATALOG_COMPILER_GENERATE_SWIFT_ASSET_SYMBOL_EXTENSIONS = YES;
				CLANG_ANALYZER_NONNULL = YES;
				CLANG_CXX_LANGUAGE_STANDARD = "gnu++20";
				CLANG_ENABLE_MODULES = YES;
				CLANG_ENABLE_OBJC_ARC = YES;
				COPY_PHASE_STRIP = NO;
				DEBUG_INFORMATION_FORMAT = "dwarf-with-dsym";
				ENABLE_NS_ASSERTIONS = NO;
				ENABLE_STRICT_OBJC_MSGSEND = YES;
				GCC_WARN_64_TO_32_BIT_CONVERSION = YES;
				GCC_WARN_ABOUT_RETURN_TYPE = YES_ERROR;
				GCC_WARN_UNDECLARED_SELECTOR = YES;
				GCC_WARN_UNINITIALIZED_AUTOS = YES_AGGRESSIVE;
				GCC_WARN_UNUSED_FUNCTION = YES;
				GCC_WARN_UNUSED_VARIABLE = YES;
				IPHONEOS_DEPLOYMENT_TARGET = 17.0;
				MTL_FAST_MATH = YES;
				SDKROOT = iphoneos;
				SWIFT_COMPILATION_MODE = wholemodule;
				VALIDATE_PRODUCT = YES;
			};
			name = Release;
		};
		B10000030000000000000003 /* Debug */ = {
			isa = XCBuildConfiguration;
			buildSettings = {
				ASSETCATALOG_COMPILER_APPICON_NAME = AppIcon;
				ASSETCATALOG_COMPILER_GLOBAL_ACCENT_COLOR_NAME = AccentColor;
				CODE_SIGN_STYLE = Automatic;
				CURRENT_PROJECT_VERSION = 1;
				DEVELOPMENT_TEAM = 5A9Z57B9LR;
				GENERATE_INFOPLIST_FILE = YES;
				INFOPLIST_FILE = DiaryPure/Info.plist;
				INFOPLIST_KEY_UIApplicationSceneManifest_Generation = YES;
				INFOPLIST_KEY_UIApplicationSupportsIndirectInputEvents = YES;
				INFOPLIST_KEY_UILaunchScreen_Generation = YES;
				INFOPLIST_KEY_UISupportedInterfaceOrientations_iPad = "UIInterfaceOrientationPortrait UIInterfaceOrientationPortraitUpsideDown UIInterfaceOrientationLandscapeLeft UIInterfaceOrientationLandscapeRight";
				INFOPLIST_KEY_UISupportedInterfaceOrientations_iPhone = "UIInterfaceOrientationPortrait UIInterfaceOrientationLandscapeLeft UIInterfaceOrientationLandscapeRight";
				LD_RUNPATH_SEARCH_PATHS = (
					"$(inherited)",
					"@executable_path/Frameworks",
				);
				MARKETING_VERSION = 1.0;
				PRODUCT_BUNDLE_IDENTIFIER = com.diarypure.app;
				PRODUCT_NAME = "$(TARGET_NAME)";
				SWIFT_EMIT_LOC_STRINGS = YES;
				SWIFT_VERSION = 5.0;
				TARGETED_DEVICE_FAMILY = "1,2";
			};
			name = Debug;
		};
		B10000040000000000000004 /* Release */ = {
			isa = XCBuildConfiguration;
			buildSettings = {
				ASSETCATALOG_COMPILER_APPICON_NAME = AppIcon;
				ASSETCATALOG_COMPILER_GLOBAL_ACCENT_COLOR_NAME = AccentColor;
				CODE_SIGN_STYLE = Automatic;
				CURRENT_PROJECT_VERSION = 1;
				DEVELOPMENT_TEAM = 5A9Z57B9LR;
				GENERATE_INFOPLIST_FILE = YES;
				INFOPLIST_FILE = DiaryPure/Info.plist;
				INFOPLIST_KEY_UIApplicationSceneManifest_Generation = YES;
				INFOPLIST_KEY_UIApplicationSupportsIndirectInputEvents = YES;
				INFOPLIST_KEY_UILaunchScreen_Generation = YES;
				INFOPLIST_KEY_UISupportedInterfaceOrientations_iPad = "UIInterfaceOrientationPortrait UIInterfaceOrientationPortraitUpsideDown UIInterfaceOrientationLandscapeLeft UIInterfaceOrientationLandscapeRight";
				INFOPLIST_KEY_UISupportedInterfaceOrientations_iPhone = "UIInterfaceOrientationPortrait UIInterfaceOrientationLandscapeLeft UIInterfaceOrientationLandscapeRight";
				LD_RUNPATH_SEARCH_PATHS = (
					"$(inherited)",
					"@executable_path/Frameworks",
				);
				MARKETING_VERSION = 1.0;
				PRODUCT_BUNDLE_IDENTIFIER = com.diarypure.app;
				PRODUCT_NAME = "$(TARGET_NAME)";
				SWIFT_EMIT_LOC_STRINGS = YES;
				SWIFT_VERSION = 5.0;
				TARGETED_DEVICE_FAMILY = "1,2";
			};
			name = Release;
		};
/* End XCBuildConfiguration section */

/* Begin XCConfigurationList section */
		A80000010000000000000001 /* Build configuration list for PBXNativeTarget "DiaryPure" */ = {
			isa = XCConfigurationList;
			buildConfigurations = (
				B10000030000000000000003 /* Debug */,
				B10000040000000000000004 /* Release */,
			);
			defaultConfigurationIsVisible = 0;
			defaultConfigurationName = Release;
		};
		A80000020000000000000002 /* Build configuration list for PBXProject "DiaryPure" */ = {
			isa = XCConfigurationList;
			buildConfigurations = (
				B10000010000000000000001 /* Debug */,
				B10000020000000000000002 /* Release */,
			);
			defaultConfigurationIsVisible = 0;
			defaultConfigurationName = Release;
		};
/* End XCConfigurationList section */
	};
	rootObject = A90000010000000000000001 /* Project object */;
}
